
Microsoft Visual Studio Solution File, Format Version 12.00
# Visual Studio Version 16
VisualStudioVersion = 16.0.30524.135
MinimumVisualStudioVersion = 10.0.40219.1
Project("{9A19103F-16F7-4668-BE54-9A1E7A4F7556}") = "Auth.Migrations.Configuration", "Source\Auth.Migrations.Configuration\Auth.Migrations.Configuration.csproj", "{5A486E9B-A6B7-47D5-9E89-01B8B5738D36}"
EndProject
Project("{9A19103F-16F7-4668-BE54-9A1E7A4F7556}") = "Auth.Migrations.Operational", "Source\Auth.Migrations.Operational\Auth.Migrations.Operational.csproj", "{879EE399-D734-4EB7-B2F0-E19A407CDC6B}"
EndProject
Project("{9A19103F-16F7-4668-BE54-9A1E7A4F7556}") = "Auth.Service", "Source\Auth.Service\Auth.Service.csproj", "{CE159C98-9617-4B0D-AD18-EB4F9E966577}"
EndProject
Global
	GlobalSection(SolutionConfigurationPlatforms) = preSolution
		Debug|Any CPU = Debug|Any CPU
		Release|Any CPU = Release|Any CPU
	EndGlobalSection
	GlobalSection(ProjectConfigurationPlatforms) = postSolution
		{5A486E9B-A6B7-47D5-9E89-01B8B5738D36}.Debug|Any CPU.ActiveCfg = Debug|Any CPU
		{5A486E9B-A6B7-47D5-9E89-01B8B5738D36}.Debug|Any CPU.Build.0 = Debug|Any CPU
		{5A486E9B-A6B7-47D5-9E89-01B8B5738D36}.Release|Any CPU.ActiveCfg = Release|Any CPU
		{5A486E9B-A6B7-47D5-9E89-01B8B5738D36}.Release|Any CPU.Build.0 = Release|Any CPU
		{879EE399-D734-4EB7-B2F0-E19A407CDC6B}.Debug|Any CPU.ActiveCfg = Debug|Any CPU
		{879EE399-D734-4EB7-B2F0-E19A407CDC6B}.Debug|Any CPU.Build.0 = Debug|Any CPU
		{879EE399-D734-4EB7-B2F0-E19A407CDC6B}.Release|Any CPU.ActiveCfg = Release|Any CPU
		{879EE399-D734-4EB7-B2F0-E19A407CDC6B}.Release|Any CPU.Build.0 = Release|Any CPU
		{CE159C98-9617-4B0D-AD18-EB4F9E966577}.Debug|Any CPU.ActiveCfg = Debug|Any CPU
		{CE159C98-9617-4B0D-AD18-EB4F9E966577}.Debug|Any CPU.Build.0 = Debug|Any CPU
		{CE159C98-9617-4B0D-AD18-EB4F9E966577}.Release|Any CPU.ActiveCfg = Release|Any CPU
		{CE159C98-9617-4B0D-AD18-EB4F9E966577}.Release|Any CPU.Build.0 = Release|Any CPU
	EndGlobalSection
	GlobalSection(SolutionProperties) = preSolution
		HideSolutionNode = FALSE
	EndGlobalSection
	GlobalSection(ExtensibilityGlobals) = postSolution
		SolutionGuid = {AC984956-7765-4D81-BD6B-78CBDDB1AB70}
	EndGlobalSection
EndGlobal
