
Microsoft Visual Studio Solution File, Format Version 12.00
# Visual Studio Version 16
VisualStudioVersion = 16.0.30524.135
MinimumVisualStudioVersion = 10.0.40219.1
Project("{9A19103F-16F7-4668-BE54-9A1E7A4F7556}") = "Auth.Configuration.Migrations", "Source\Auth.Configuration.Migrations\Auth.Configuration.Migrations.csproj", "{5A486E9B-A6B7-47D5-9E89-01B8B5738D36}"
EndProject
Project("{9A19103F-16F7-4668-BE54-9A1E7A4F7556}") = "Auth.Service", "Source\Auth.Service\Auth.Service.csproj", "{CE159C98-9617-4B0D-AD18-EB4F9E966577}"
EndProject
Project("{9A19103F-16F7-4668-BE54-9A1E7A4F7556}") = "Auth.Shared.Data", "Source\Auth.Shared.Data\Auth.Shared.Data.csproj", "{D6B590D8-0CB7-4B9B-B408-69781F1539F6}"
EndProject
Project("{9A19103F-16F7-4668-BE54-9A1E7A4F7556}") = "Auth.Configuration.Database", "Source\Auth.Configuration.Database\Auth.Configuration.Database.csproj", "{8D836ED5-0EBF-4FC0-9B33-C1B0D36144D6}"
EndProject
Project("{9A19103F-16F7-4668-BE54-9A1E7A4F7556}") = "Auth.Grant.Database", "Source\Auth.Grant.Database\Auth.Grant.Database.csproj", "{AFCBB246-A1AC-4055-93DF-2DA2AE9C23E1}"
EndProject
Project("{9A19103F-16F7-4668-BE54-9A1E7A4F7556}") = "Auth.Grant.Migrations", "Source\Auth.Grant.Migrations\Auth.Grant.Migrations.csproj", "{DC7E91A0-CFFB-40B0-B42B-B59F84701A8F}"
EndProject
Project("{FAE04EC0-301F-11D3-BF4B-00C04F79EFBC}") = "Auth.Identity.Database", "Source\Auth.Identity.Database\Auth.Identity.Database.csproj", "{6530F0A7-38D5-4528-8347-0025EAADAABD}"
EndProject
Project("{FAE04EC0-301F-11D3-BF4B-00C04F79EFBC}") = "Auth.Identity.Migrations", "Source\Auth.Identity.Migrations\Auth.Identity.Migrations.csproj", "{C1CA18E1-2AEF-478C-BB93-43E1C1A5B109}"
EndProject
Global
	GlobalSection(SolutionConfigurationPlatforms) = preSolution
		Debug|Any CPU = Debug|Any CPU
		Release|Any CPU = Release|Any CPU
	EndGlobalSection
	GlobalSection(ProjectConfigurationPlatforms) = postSolution
		{5A486E9B-A6B7-47D5-9E89-01B8B5738D36}.Debug|Any CPU.ActiveCfg = Debug|Any CPU
		{5A486E9B-A6B7-47D5-9E89-01B8B5738D36}.Debug|Any CPU.Build.0 = Debug|Any CPU
		{5A486E9B-A6B7-47D5-9E89-01B8B5738D36}.Release|Any CPU.ActiveCfg = Release|Any CPU
		{5A486E9B-A6B7-47D5-9E89-01B8B5738D36}.Release|Any CPU.Build.0 = Release|Any CPU
		{CE159C98-9617-4B0D-AD18-EB4F9E966577}.Debug|Any CPU.ActiveCfg = Debug|Any CPU
		{CE159C98-9617-4B0D-AD18-EB4F9E966577}.Debug|Any CPU.Build.0 = Debug|Any CPU
		{CE159C98-9617-4B0D-AD18-EB4F9E966577}.Release|Any CPU.ActiveCfg = Release|Any CPU
		{CE159C98-9617-4B0D-AD18-EB4F9E966577}.Release|Any CPU.Build.0 = Release|Any CPU
		{D6B590D8-0CB7-4B9B-B408-69781F1539F6}.Debug|Any CPU.ActiveCfg = Debug|Any CPU
		{D6B590D8-0CB7-4B9B-B408-69781F1539F6}.Debug|Any CPU.Build.0 = Debug|Any CPU
		{D6B590D8-0CB7-4B9B-B408-69781F1539F6}.Release|Any CPU.ActiveCfg = Release|Any CPU
		{D6B590D8-0CB7-4B9B-B408-69781F1539F6}.Release|Any CPU.Build.0 = Release|Any CPU
		{8D836ED5-0EBF-4FC0-9B33-C1B0D36144D6}.Debug|Any CPU.ActiveCfg = Debug|Any CPU
		{8D836ED5-0EBF-4FC0-9B33-C1B0D36144D6}.Debug|Any CPU.Build.0 = Debug|Any CPU
		{8D836ED5-0EBF-4FC0-9B33-C1B0D36144D6}.Release|Any CPU.ActiveCfg = Release|Any CPU
		{8D836ED5-0EBF-4FC0-9B33-C1B0D36144D6}.Release|Any CPU.Build.0 = Release|Any CPU
		{AFCBB246-A1AC-4055-93DF-2DA2AE9C23E1}.Debug|Any CPU.ActiveCfg = Debug|Any CPU
		{AFCBB246-A1AC-4055-93DF-2DA2AE9C23E1}.Debug|Any CPU.Build.0 = Debug|Any CPU
		{AFCBB246-A1AC-4055-93DF-2DA2AE9C23E1}.Release|Any CPU.ActiveCfg = Release|Any CPU
		{AFCBB246-A1AC-4055-93DF-2DA2AE9C23E1}.Release|Any CPU.Build.0 = Release|Any CPU
		{DC7E91A0-CFFB-40B0-B42B-B59F84701A8F}.Debug|Any CPU.ActiveCfg = Debug|Any CPU
		{DC7E91A0-CFFB-40B0-B42B-B59F84701A8F}.Debug|Any CPU.Build.0 = Debug|Any CPU
		{DC7E91A0-CFFB-40B0-B42B-B59F84701A8F}.Release|Any CPU.ActiveCfg = Release|Any CPU
		{DC7E91A0-CFFB-40B0-B42B-B59F84701A8F}.Release|Any CPU.Build.0 = Release|Any CPU
		{6530F0A7-38D5-4528-8347-0025EAADAABD}.Debug|Any CPU.ActiveCfg = Debug|Any CPU
		{6530F0A7-38D5-4528-8347-0025EAADAABD}.Debug|Any CPU.Build.0 = Debug|Any CPU
		{6530F0A7-38D5-4528-8347-0025EAADAABD}.Release|Any CPU.ActiveCfg = Release|Any CPU
		{6530F0A7-38D5-4528-8347-0025EAADAABD}.Release|Any CPU.Build.0 = Release|Any CPU
		{C1CA18E1-2AEF-478C-BB93-43E1C1A5B109}.Debug|Any CPU.ActiveCfg = Debug|Any CPU
		{C1CA18E1-2AEF-478C-BB93-43E1C1A5B109}.Debug|Any CPU.Build.0 = Debug|Any CPU
		{C1CA18E1-2AEF-478C-BB93-43E1C1A5B109}.Release|Any CPU.ActiveCfg = Release|Any CPU
		{C1CA18E1-2AEF-478C-BB93-43E1C1A5B109}.Release|Any CPU.Build.0 = Release|Any CPU
	EndGlobalSection
	GlobalSection(SolutionProperties) = preSolution
		HideSolutionNode = FALSE
	EndGlobalSection
	GlobalSection(ExtensibilityGlobals) = postSolution
		SolutionGuid = {AC984956-7765-4D81-BD6B-78CBDDB1AB70}
	EndGlobalSection
EndGlobal
